
Microsoft Visual Studio Solution File, Format Version 12.00
# Visual Studio Version 17
VisualStudioVersion = 17.12.35707.178
MinimumVisualStudioVersion = 10.0.40219.1
Project("{FAE04EC0-301F-11D3-BF4B-00C04F79EFBC}") = "Habbo Downloader", "Habbo Downloader.csproj", "{C5BF7B34-CF75-48DD-B472-5E92328FCB80}"
EndProject
Project("{FAE04EC0-301F-11D3-BF4B-00C04F79EFBC}") = "Habbo Downloader.Tests", "..\SourceCode.Tests\Habbo Downloader.Tests.csproj", "{0A955103-7CFC-4231-84BD-6001367E8A19}"
EndProject
Global
	GlobalSection(SolutionConfigurationPlatforms) = preSolution
		Debug|Any CPU = Debug|Any CPU
		Debug|x64 = Debug|x64
		Debug|x86 = Debug|x86
		Release|Any CPU = Release|Any CPU
		Release|x64 = Release|x64
		Release|x86 = Release|x86
	EndGlobalSection
	GlobalSection(ProjectConfigurationPlatforms) = postSolution
		{C5BF7B34-CF75-48DD-B472-5E92328FCB80}.Debug|Any CPU.ActiveCfg = Debug|Any CPU
		{C5BF7B34-CF75-48DD-B472-5E92328FCB80}.Debug|Any CPU.Build.0 = Debug|Any CPU
		{C5BF7B34-CF75-48DD-B472-5E92328FCB80}.Debug|x64.ActiveCfg = Debug|Any CPU
		{C5BF7B34-CF75-48DD-B472-5E92328FCB80}.Debug|x64.Build.0 = Debug|Any CPU
		{C5BF7B34-CF75-48DD-B472-5E92328FCB80}.Debug|x86.ActiveCfg = Debug|Any CPU
		{C5BF7B34-CF75-48DD-B472-5E92328FCB80}.Debug|x86.Build.0 = Debug|Any CPU
		{C5BF7B34-CF75-48DD-B472-5E92328FCB80}.Release|Any CPU.ActiveCfg = Release|Any CPU
		{C5BF7B34-CF75-48DD-B472-5E92328FCB80}.Release|Any CPU.Build.0 = Release|Any CPU
		{C5BF7B34-CF75-48DD-B472-5E92328FCB80}.Release|x64.ActiveCfg = Release|Any CPU
		{C5BF7B34-CF75-48DD-B472-5E92328FCB80}.Release|x64.Build.0 = Release|Any CPU
		{C5BF7B34-CF75-48DD-B472-5E92328FCB80}.Release|x86.ActiveCfg = Release|Any CPU
		{C5BF7B34-CF75-48DD-B472-5E92328FCB80}.Release|x86.Build.0 = Release|Any CPU
		{0A955103-7CFC-4231-84BD-6001367E8A19}.Debug|Any CPU.ActiveCfg = Debug|Any CPU
		{0A955103-7CFC-4231-84BD-6001367E8A19}.Debug|Any CPU.Build.0 = Debug|Any CPU
		{0A955103-7CFC-4231-84BD-6001367E8A19}.Debug|x64.ActiveCfg = Debug|Any CPU
		{0A955103-7CFC-4231-84BD-6001367E8A19}.Debug|x64.Build.0 = Debug|Any CPU
		{0A955103-7CFC-4231-84BD-6001367E8A19}.Debug|x86.ActiveCfg = Debug|Any CPU
		{0A955103-7CFC-4231-84BD-6001367E8A19}.Debug|x86.Build.0 = Debug|Any CPU
		{0A955103-7CFC-4231-84BD-6001367E8A19}.Release|Any CPU.ActiveCfg = Release|Any CPU
		{0A955103-7CFC-4231-84BD-6001367E8A19}.Release|Any CPU.Build.0 = Release|Any CPU
		{0A955103-7CFC-4231-84BD-6001367E8A19}.Release|x64.ActiveCfg = Release|Any CPU
		{0A955103-7CFC-4231-84BD-6001367E8A19}.Release|x64.Build.0 = Release|Any CPU
		{0A955103-7CFC-4231-84BD-6001367E8A19}.Release|x86.ActiveCfg = Release|Any CPU
		{0A955103-7CFC-4231-84BD-6001367E8A19}.Release|x86.Build.0 = Release|Any CPU
	EndGlobalSection
	GlobalSection(SolutionProperties) = preSolution
		HideSolutionNode = FALSE
	EndGlobalSection
EndGlobal
